{
  "name": "package.json",
  "version": "1.0.0",
  "lockfileVersion": 2,
  "requires": true,
  "packages": {
    "": {
      "name": "package.json",
      "version": "1.0.0",
      "license": "ISC",
      "dependencies": {
        "@solana/web3.js": "^1.50.1",
        "mz": "^2.7.0"
      },
      "devDependencies": {
        "@tsconfig/recommended": "^1.0.1",
        "@types/mz": "^2.7.2",
        "ts-node": "^10.0.0",
        "typescript": "^4.0.5"
      },
      "engines": {
        "node": ">=14.0.0"
      }
    },
    "node_modules/@babel/runtime": {
      "version": "7.18.9",
      "license": "MIT",
      "dependencies": {
        "regenerator-runtime": "^0.13.4"
      },
      "engines": {
        "node": ">=6.9.0"
      }
    },
    "node_modules/@cspotcode/source-map-support": {
      "version": "0.8.1",
      "resolved": "https://registry.npmjs.org/@cspotcode/source-map-support/-/source-map-support-0.8.1.tgz",
      "integrity": "sha512-IchNf6dN4tHoMFIn/7OE8LWZ19Y6q/67Bmf6vnGREv8RSbBVb9LPJxEcnwrcwX6ixSvaiGoomAUvu4YSxXrVgw==",
      "dev": true,
      "dependencies": {
        "@jridgewell/trace-mapping": "0.3.9"
      },
      "engines": {
        "node": ">=12"
      }
    },
    "node_modules/@ethersproject/bytes": {
      "version": "5.6.1",
      "funding": [
        {
          "type": "individual",
          "url": "https://gitcoin.co/grants/13/ethersjs-complete-simple-and-tiny-2"
        },
        {
          "type": "individual",
          "url": "https://www.buymeacoffee.com/ricmoo"
        }
      ],
      "license": "MIT",
      "dependencies": {
        "@ethersproject/logger": "^5.6.0"
      }
    },
    "node_modules/@ethersproject/logger": {
      "version": "5.6.0",
      "funding": [
        {
          "type": "individual",
          "url": "https://gitcoin.co/grants/13/ethersjs-complete-simple-and-tiny-2"
        },
        {
          "type": "individual",
          "url": "https://www.buymeacoffee.com/ricmoo"
        }
      ],
      "license": "MIT"
    },
    "node_modules/@ethersproject/sha2": {
      "version": "5.6.1",
      "funding": [
        {
          "type": "individual",
          "url": "https://gitcoin.co/grants/13/ethersjs-complete-simple-and-tiny-2"
        },
        {
          "type": "individual",
          "url": "https://www.buymeacoffee.com/ricmoo"
        }
      ],
      "license": "MIT",
      "dependencies": {
        "@ethersproject/bytes": "^5.6.1",
        "@ethersproject/logger": "^5.6.0",
        "hash.js": "1.1.7"
      }
    },
    "node_modules/@jridgewell/resolve-uri": {
      "version": "3.1.0",
      "resolved": "https://registry.npmjs.org/@jridgewell/resolve-uri/-/resolve-uri-3.1.0.tgz",
      "integrity": "sha512-F2msla3tad+Mfht5cJq7LSXcdudKTWCVYUgw6pLFOOHSTtZlj6SWNYAp+AhuqLmWdBO2X5hPrLcu8cVP8fy28w==",
      "dev": true,
      "engines": {
        "node": ">=6.0.0"
      }
    },
    "node_modules/@jridgewell/sourcemap-codec": {
      "version": "1.4.14",
      "resolved": "https://registry.npmjs.org/@jridgewell/sourcemap-codec/-/sourcemap-codec-1.4.14.tgz",
      "integrity": "sha512-XPSJHWmi394fuUuzDnGz1wiKqWfo1yXecHQMRf2l6hztTO+nPru658AyDngaBe7isIxEkRsPR3FZh+s7iVa4Uw==",
      "dev": true
    },
    "node_modules/@jridgewell/trace-mapping": {
      "version": "0.3.9",
      "resolved": "https://registry.npmjs.org/@jridgewell/trace-mapping/-/trace-mapping-0.3.9.tgz",
      "integrity": "sha512-3Belt6tdc8bPgAtbcmdtNJlirVoTmEb5e2gC94PnkwEW9jI6CAHUeoG85tjWP5WquqfavoMtMwiG4P926ZKKuQ==",
      "dev": true,
      "dependencies": {
        "@jridgewell/resolve-uri": "^3.0.3",
        "@jridgewell/sourcemap-codec": "^1.4.10"
      }
    },
    "node_modules/@solana/buffer-layout": {
      "version": "4.0.0",
      "license": "MIT",
      "dependencies": {
        "buffer": "~6.0.3"
      },
      "engines": {
        "node": ">=5.10"
      }
    },
    "node_modules/@solana/buffer-layout/node_modules/buffer": {
      "version": "6.0.3",
      "funding": [
        {
          "type": "github",
          "url": "https://github.com/sponsors/feross"
        },
        {
          "type": "patreon",
          "url": "https://www.patreon.com/feross"
        },
        {
          "type": "consulting",
          "url": "https://feross.org/support"
        }
      ],
      "license": "MIT",
      "dependencies": {
        "base64-js": "^1.3.1",
        "ieee754": "^1.2.1"
      }
    },
    "node_modules/@solana/web3.js": {
      "version": "1.50.1",
      "resolved": "https://registry.npmjs.org/@solana/web3.js/-/web3.js-1.50.1.tgz",
      "integrity": "sha512-1l9N/nS8pJEA2YibNT8wa072718O0/A1eKWE0+pdWC5wDGQgBNxZSLuv7Cq5Dcn46WsZ5J5ZstK89q8J/ZZaQA==",
      "dependencies": {
        "@babel/runtime": "^7.12.5",
        "@ethersproject/sha2": "^5.5.0",
        "@solana/buffer-layout": "^4.0.0",
        "bigint-buffer": "^1.1.5",
        "bn.js": "^5.0.0",
        "borsh": "^0.7.0",
        "bs58": "^4.0.1",
        "buffer": "6.0.1",
        "fast-stable-stringify": "^1.0.0",
        "jayson": "^3.4.4",
        "js-sha3": "^0.8.0",
        "node-fetch": "2",
        "react-native-url-polyfill": "^1.3.0",
        "rpc-websockets": "^7.5.0",
        "secp256k1": "^4.0.2",
        "superstruct": "^0.14.2",
        "tweetnacl": "^1.0.0"
      },
      "engines": {
        "node": ">=12.20.0"
      }
    },
    "node_modules/@tsconfig/node10": {
      "version": "1.0.9",
      "resolved": "https://registry.npmjs.org/@tsconfig/node10/-/node10-1.0.9.tgz",
      "integrity": "sha512-jNsYVVxU8v5g43Erja32laIDHXeoNvFEpX33OK4d6hljo3jDhCBDhx5dhCCTMWUojscpAagGiRkBKxpdl9fxqA==",
      "dev": true
    },
    "node_modules/@tsconfig/node12": {
      "version": "1.0.11",
      "resolved": "https://registry.npmjs.org/@tsconfig/node12/-/node12-1.0.11.tgz",
      "integrity": "sha512-cqefuRsh12pWyGsIoBKJA9luFu3mRxCA+ORZvA4ktLSzIuCUtWVxGIuXigEwO5/ywWFMZ2QEGKWvkZG1zDMTag==",
      "dev": true
    },
    "node_modules/@tsconfig/node14": {
      "version": "1.0.3",
      "resolved": "https://registry.npmjs.org/@tsconfig/node14/-/node14-1.0.3.tgz",
      "integrity": "sha512-ysT8mhdixWK6Hw3i1V2AeRqZ5WfXg1G43mqoYlM2nc6388Fq5jcXyr5mRsqViLx/GJYdoL0bfXD8nmF+Zn/Iow==",
      "dev": true
    },
    "node_modules/@tsconfig/node16": {
      "version": "1.0.3",
      "resolved": "https://registry.npmjs.org/@tsconfig/node16/-/node16-1.0.3.tgz",
      "integrity": "sha512-yOlFc+7UtL/89t2ZhjPvvB/DeAr3r+Dq58IgzsFkOAvVC6NMJXmCGjbptdXdR9qsX7pKcTL+s87FtYREi2dEEQ==",
      "dev": true
    },
    "node_modules/@tsconfig/recommended": {
      "version": "1.0.1",
      "resolved": "https://registry.npmjs.org/@tsconfig/recommended/-/recommended-1.0.1.tgz",
      "integrity": "sha512-2xN+iGTbPBEzGSnVp/Hd64vKJCJWxsi9gfs88x4PPMyEjHJoA3o5BY9r5OLPHIZU2pAQxkSAsJFqn6itClP8mQ==",
      "dev": true
    },
    "node_modules/@types/connect": {
      "version": "3.4.35",
      "license": "MIT",
      "dependencies": {
        "@types/node": "*"
      }
    },
    "node_modules/@types/express-serve-static-core": {
      "version": "4.17.29",
      "license": "MIT",
      "dependencies": {
        "@types/node": "*",
        "@types/qs": "*",
        "@types/range-parser": "*"
      }
    },
    "node_modules/@types/lodash": {
      "version": "4.14.182",
      "license": "MIT"
    },
    "node_modules/@types/mz": {
      "version": "2.7.4",
      "resolved": "https://registry.npmjs.org/@types/mz/-/mz-2.7.4.tgz",
      "integrity": "sha512-Zs0imXxyWT20j3Z2NwKpr0IO2LmLactBblNyLua5Az4UHuqOQ02V3jPTgyKwDkuc33/ahw+C3O1PIZdrhFMuQA==",
      "dev": true,
      "dependencies": {
        "@types/node": "*"
      }
    },
    "node_modules/@types/node": {
      "version": "12.20.55",
      "license": "MIT"
    },
    "node_modules/@types/qs": {
      "version": "6.9.7",
      "license": "MIT"
    },
    "node_modules/@types/range-parser": {
      "version": "1.2.4",
      "license": "MIT"
    },
    "node_modules/@types/ws": {
      "version": "7.4.7",
      "license": "MIT",
      "dependencies": {
        "@types/node": "*"
      }
    },
    "node_modules/acorn": {
      "version": "8.8.0",
      "resolved": "https://registry.npmjs.org/acorn/-/acorn-8.8.0.tgz",
      "integrity": "sha512-QOxyigPVrpZ2GXT+PFyZTl6TtOFc5egxHIP9IlQ+RbupQuX4RkT/Bee4/kQuC02Xkzg84JcT7oLYtDIQxp+v7w==",
      "dev": true,
      "bin": {
        "acorn": "bin/acorn"
      },
      "engines": {
        "node": ">=0.4.0"
      }
    },
    "node_modules/acorn-walk": {
      "version": "8.2.0",
      "resolved": "https://registry.npmjs.org/acorn-walk/-/acorn-walk-8.2.0.tgz",
      "integrity": "sha512-k+iyHEuPgSw6SbuDpGQM+06HQUa04DZ3o+F6CSzXMvvI5KMvnaEqXe+YVe555R9nn6GPt404fos4wcgpw12SDA==",
      "dev": true,
      "engines": {
        "node": ">=0.4.0"
      }
    },
    "node_modules/any-promise": {
      "version": "1.3.0",
      "resolved": "https://registry.npmjs.org/any-promise/-/any-promise-1.3.0.tgz",
      "integrity": "sha512-7UvmKalWRt1wgjL1RrGxoSJW/0QZFIegpeGvZG9kjp8vrRu55XTHbwnqq2GpXm9uLbcuhxm3IqX9OB4MZR1b2A=="
    },
    "node_modules/arg": {
      "version": "4.1.3",
      "resolved": "https://registry.npmjs.org/arg/-/arg-4.1.3.tgz",
      "integrity": "sha512-58S9QDqG0Xx27YwPSt9fJxivjYl432YCwfDMfZ+71RAqUrZef7LrKQZ3LHLOwCS4FLNBplP533Zx895SeOCHvA==",
      "dev": true
    },
    "node_modules/base-x": {
      "version": "3.0.9",
      "license": "MIT",
      "dependencies": {
        "safe-buffer": "^5.0.1"
      }
    },
    "node_modules/base64-js": {
      "version": "1.5.1",
      "funding": [
        {
          "type": "github",
          "url": "https://github.com/sponsors/feross"
        },
        {
          "type": "patreon",
          "url": "https://www.patreon.com/feross"
        },
        {
          "type": "consulting",
          "url": "https://feross.org/support"
        }
      ],
      "license": "MIT"
    },
    "node_modules/bigint-buffer": {
      "version": "1.1.5",
      "hasInstallScript": true,
      "license": "Apache-2.0",
      "dependencies": {
        "bindings": "^1.3.0"
      },
      "engines": {
        "node": ">= 10.0.0"
      }
    },
    "node_modules/bindings": {
      "version": "1.5.0",
      "license": "MIT",
      "dependencies": {
        "file-uri-to-path": "1.0.0"
      }
    },
    "node_modules/bn.js": {
      "version": "5.2.1",
      "license": "MIT"
    },
    "node_modules/borsh": {
      "version": "0.7.0",
      "license": "Apache-2.0",
      "dependencies": {
        "bn.js": "^5.2.0",
        "bs58": "^4.0.0",
        "text-encoding-utf-8": "^1.0.2"
      }
    },
    "node_modules/brorand": {
      "version": "1.1.0",
      "license": "MIT"
    },
    "node_modules/bs58": {
      "version": "4.0.1",
      "license": "MIT",
      "dependencies": {
        "base-x": "^3.0.2"
      }
    },
    "node_modules/buffer": {
      "version": "6.0.1",
      "funding": [
        {
          "type": "github",
          "url": "https://github.com/sponsors/feross"
        },
        {
          "type": "patreon",
          "url": "https://www.patreon.com/feross"
        },
        {
          "type": "consulting",
          "url": "https://feross.org/support"
        }
      ],
      "license": "MIT",
      "dependencies": {
        "base64-js": "^1.3.1",
        "ieee754": "^1.2.1"
      }
    },
    "node_modules/bufferutil": {
      "version": "4.0.6",
      "hasInstallScript": true,
      "license": "MIT",
      "optional": true,
      "dependencies": {
        "node-gyp-build": "^4.3.0"
      },
      "engines": {
        "node": ">=6.14.2"
      }
    },
    "node_modules/commander": {
      "version": "2.20.3",
      "license": "MIT"
    },
    "node_modules/create-require": {
      "version": "1.1.1",
      "resolved": "https://registry.npmjs.org/create-require/-/create-require-1.1.1.tgz",
      "integrity": "sha512-dcKFX3jn0MpIaXjisoRvexIJVEKzaq7z2rZKxf+MSr9TkdmHmsU4m2lcLojrj/FHl8mk5VxMmYA+ftRkP/3oKQ==",
      "dev": true
    },
    "node_modules/delay": {
      "version": "5.0.0",
      "license": "MIT",
      "engines": {
        "node": ">=10"
      },
      "funding": {
        "url": "https://github.com/sponsors/sindresorhus"
      }
    },
    "node_modules/diff": {
      "version": "4.0.2",
      "resolved": "https://registry.npmjs.org/diff/-/diff-4.0.2.tgz",
      "integrity": "sha512-58lmxKSA4BNyLz+HHMUzlOEpg09FV+ev6ZMe3vJihgdxzgcwZ8VoEEPmALCZG9LmqfVoNMMKpttIYTVG6uDY7A==",
      "dev": true,
      "engines": {
        "node": ">=0.3.1"
      }
    },
    "node_modules/elliptic": {
      "version": "6.5.4",
      "license": "MIT",
      "dependencies": {
        "bn.js": "^4.11.9",
        "brorand": "^1.1.0",
        "hash.js": "^1.0.0",
        "hmac-drbg": "^1.0.1",
        "inherits": "^2.0.4",
        "minimalistic-assert": "^1.0.1",
        "minimalistic-crypto-utils": "^1.0.1"
      }
    },
    "node_modules/elliptic/node_modules/bn.js": {
      "version": "4.12.0",
      "license": "MIT"
    },
    "node_modules/es6-promise": {
      "version": "4.2.8",
      "license": "MIT"
    },
    "node_modules/es6-promisify": {
      "version": "5.0.0",
      "license": "MIT",
      "dependencies": {
        "es6-promise": "^4.0.3"
      }
    },
    "node_modules/eventemitter3": {
      "version": "4.0.7",
      "license": "MIT"
    },
    "node_modules/eyes": {
      "version": "0.1.8",
      "engines": {
        "node": "> 0.1.90"
      }
    },
    "node_modules/fast-stable-stringify": {
      "version": "1.0.0",
      "license": "MIT"
    },
    "node_modules/file-uri-to-path": {
      "version": "1.0.0",
      "license": "MIT"
    },
    "node_modules/hash.js": {
      "version": "1.1.7",
      "license": "MIT",
      "dependencies": {
        "inherits": "^2.0.3",
        "minimalistic-assert": "^1.0.1"
      }
    },
    "node_modules/hmac-drbg": {
      "version": "1.0.1",
      "license": "MIT",
      "dependencies": {
        "hash.js": "^1.0.3",
        "minimalistic-assert": "^1.0.0",
        "minimalistic-crypto-utils": "^1.0.1"
      }
    },
    "node_modules/ieee754": {
      "version": "1.2.1",
      "funding": [
        {
          "type": "github",
          "url": "https://github.com/sponsors/feross"
        },
        {
          "type": "patreon",
          "url": "https://www.patreon.com/feross"
        },
        {
          "type": "consulting",
          "url": "https://feross.org/support"
        }
      ],
      "license": "BSD-3-Clause"
    },
    "node_modules/inherits": {
      "version": "2.0.4",
      "license": "ISC"
    },
    "node_modules/isomorphic-ws": {
      "version": "4.0.1",
      "license": "MIT",
      "peerDependencies": {
        "ws": "*"
      }
    },
    "node_modules/jayson": {
      "version": "3.6.6",
      "license": "MIT",
      "dependencies": {
        "@types/connect": "^3.4.33",
        "@types/express-serve-static-core": "^4.17.9",
        "@types/lodash": "^4.14.159",
        "@types/node": "^12.12.54",
        "@types/ws": "^7.4.4",
        "commander": "^2.20.3",
        "delay": "^5.0.0",
        "es6-promisify": "^5.0.0",
        "eyes": "^0.1.8",
        "isomorphic-ws": "^4.0.1",
        "json-stringify-safe": "^5.0.1",
        "JSONStream": "^1.3.5",
        "lodash": "^4.17.20",
        "uuid": "^8.3.2",
        "ws": "^7.4.5"
      },
      "bin": {
        "jayson": "bin/jayson.js"
      },
      "engines": {
        "node": ">=8"
      }
    },
    "node_modules/js-sha3": {
      "version": "0.8.0",
      "license": "MIT"
    },
    "node_modules/json-stringify-safe": {
      "version": "5.0.1",
      "license": "ISC"
    },
    "node_modules/jsonparse": {
      "version": "1.3.1",
      "engines": [
        "node >= 0.2.0"
      ],
      "license": "MIT"
    },
    "node_modules/JSONStream": {
      "version": "1.3.5",
      "license": "(MIT OR Apache-2.0)",
      "dependencies": {
        "jsonparse": "^1.2.0",
        "through": ">=2.2.7 <3"
      },
      "bin": {
        "JSONStream": "bin.js"
      },
      "engines": {
        "node": "*"
      }
    },
    "node_modules/lodash": {
      "version": "4.17.21",
      "license": "MIT"
    },
    "node_modules/make-error": {
      "version": "1.3.6",
      "resolved": "https://registry.npmjs.org/make-error/-/make-error-1.3.6.tgz",
      "integrity": "sha512-s8UhlNe7vPKomQhC1qFelMokr/Sc3AgNbso3n74mVPA5LTZwkB9NlXf4XPamLxJE8h0gh73rM94xvwRT2CVInw==",
      "dev": true
    },
    "node_modules/minimalistic-assert": {
      "version": "1.0.1",
      "license": "ISC"
    },
    "node_modules/minimalistic-crypto-utils": {
      "version": "1.0.1",
      "license": "MIT"
    },
    "node_modules/mz": {
      "version": "2.7.0",
      "resolved": "https://registry.npmjs.org/mz/-/mz-2.7.0.tgz",
      "integrity": "sha512-z81GNO7nnYMEhrGh9LeymoE4+Yr0Wn5McHIZMK5cfQCl+NDX08sCZgUc9/6MHni9IWuFLm1Z3HTCXu2z9fN62Q==",
      "dependencies": {
        "any-promise": "^1.0.0",
        "object-assign": "^4.0.1",
        "thenify-all": "^1.0.0"
      }
    },
    "node_modules/node-addon-api": {
      "version": "2.0.2",
      "license": "MIT"
    },
    "node_modules/node-fetch": {
      "version": "2.6.7",
      "license": "MIT",
      "dependencies": {
        "whatwg-url": "^5.0.0"
      },
      "engines": {
        "node": "4.x || >=6.0.0"
      },
      "peerDependencies": {
        "encoding": "^0.1.0"
      },
      "peerDependenciesMeta": {
        "encoding": {
          "optional": true
        }
      }
    },
    "node_modules/node-gyp-build": {
      "version": "4.5.0",
      "license": "MIT",
      "bin": {
        "node-gyp-build": "bin.js",
        "node-gyp-build-optional": "optional.js",
        "node-gyp-build-test": "build-test.js"
      }
    },
    "node_modules/object-assign": {
      "version": "4.1.1",
      "resolved": "https://registry.npmjs.org/object-assign/-/object-assign-4.1.1.tgz",
      "integrity": "sha512-rJgTQnkUnH1sFw8yT6VSU3zD3sWmu6sZhIseY8VX+GRu3P6F7Fu+JNDoXfklElbLJSnc3FUQHVe4cU5hj+BcUg==",
      "engines": {
        "node": ">=0.10.0"
      }
    },
    "node_modules/punycode": {
      "version": "2.1.1",
      "license": "MIT",
      "engines": {
        "node": ">=6"
      }
    },
    "node_modules/react-native": {
      "peer": true
    },
    "node_modules/react-native-url-polyfill": {
      "version": "1.3.0",
      "license": "MIT",
      "dependencies": {
        "whatwg-url-without-unicode": "8.0.0-3"
      },
      "peerDependencies": {
        "react-native": "*"
      }
    },
    "node_modules/regenerator-runtime": {
      "version": "0.13.9",
      "license": "MIT"
    },
    "node_modules/rpc-websockets": {
      "version": "7.5.0",
      "license": "LGPL-3.0-only",
      "dependencies": {
        "@babel/runtime": "^7.17.2",
        "eventemitter3": "^4.0.7",
        "uuid": "^8.3.2",
        "ws": "^8.5.0"
      },
      "funding": {
        "type": "paypal",
        "url": "https://paypal.me/kozjak"
      },
      "optionalDependencies": {
        "bufferutil": "^4.0.1",
        "utf-8-validate": "^5.0.2"
      }
    },
    "node_modules/rpc-websockets/node_modules/ws": {
      "version": "8.8.1",
      "license": "MIT",
      "engines": {
        "node": ">=10.0.0"
      },
      "peerDependencies": {
        "bufferutil": "^4.0.1",
        "utf-8-validate": "^5.0.2"
      },
      "peerDependenciesMeta": {
        "bufferutil": {
          "optional": true
        },
        "utf-8-validate": {
          "optional": true
        }
      }
    },
    "node_modules/safe-buffer": {
      "version": "5.2.1",
      "funding": [
        {
          "type": "github",
          "url": "https://github.com/sponsors/feross"
        },
        {
          "type": "patreon",
          "url": "https://www.patreon.com/feross"
        },
        {
          "type": "consulting",
          "url": "https://feross.org/support"
        }
      ],
      "license": "MIT"
    },
    "node_modules/secp256k1": {
      "version": "4.0.3",
      "hasInstallScript": true,
      "license": "MIT",
      "dependencies": {
        "elliptic": "^6.5.4",
        "node-addon-api": "^2.0.0",
        "node-gyp-build": "^4.2.0"
      },
      "engines": {
        "node": ">=10.0.0"
      }
    },
    "node_modules/superstruct": {
      "version": "0.14.2",
      "license": "MIT"
    },
    "node_modules/text-encoding-utf-8": {
      "version": "1.0.2"
    },
    "node_modules/thenify": {
      "version": "3.3.1",
      "resolved": "https://registry.npmjs.org/thenify/-/thenify-3.3.1.tgz",
      "integrity": "sha512-RVZSIV5IG10Hk3enotrhvz0T9em6cyHBLkH/YAZuKqd8hRkKhSfCGIcP2KUY0EPxndzANBmNllzWPwak+bheSw==",
      "dependencies": {
        "any-promise": "^1.0.0"
      }
    },
    "node_modules/thenify-all": {
      "version": "1.6.0",
      "resolved": "https://registry.npmjs.org/thenify-all/-/thenify-all-1.6.0.tgz",
      "integrity": "sha512-RNxQH/qI8/t3thXJDwcstUO4zeqo64+Uy/+sNVRBx4Xn2OX+OZ9oP+iJnNFqplFra2ZUVeKCSa2oVWi3T4uVmA==",
      "dependencies": {
        "thenify": ">= 3.1.0 < 4"
      },
      "engines": {
        "node": ">=0.8"
      }
    },
    "node_modules/through": {
      "version": "2.3.8",
      "license": "MIT"
    },
    "node_modules/tr46": {
      "version": "0.0.3",
      "license": "MIT"
    },
    "node_modules/ts-node": {
      "version": "10.9.1",
      "resolved": "https://registry.npmjs.org/ts-node/-/ts-node-10.9.1.tgz",
      "integrity": "sha512-NtVysVPkxxrwFGUUxGYhfux8k78pQB3JqYBXlLRZgdGUqTO5wU/UyHop5p70iEbGhB7q5KmiZiU0Y3KlJrScEw==",
      "dev": true,
      "dependencies": {
        "@cspotcode/source-map-support": "^0.8.0",
        "@tsconfig/node10": "^1.0.7",
        "@tsconfig/node12": "^1.0.7",
        "@tsconfig/node14": "^1.0.0",
        "@tsconfig/node16": "^1.0.2",
        "acorn": "^8.4.1",
        "acorn-walk": "^8.1.1",
        "arg": "^4.1.0",
        "create-require": "^1.1.0",
        "diff": "^4.0.1",
        "make-error": "^1.1.1",
        "v8-compile-cache-lib": "^3.0.1",
        "yn": "3.1.1"
      },
      "bin": {
        "ts-node": "dist/bin.js",
        "ts-node-cwd": "dist/bin-cwd.js",
        "ts-node-esm": "dist/bin-esm.js",
        "ts-node-script": "dist/bin-script.js",
        "ts-node-transpile-only": "dist/bin-transpile.js",
        "ts-script": "dist/bin-script-deprecated.js"
      },
      "peerDependencies": {
        "@swc/core": ">=1.2.50",
        "@swc/wasm": ">=1.2.50",
        "@types/node": "*",
        "typescript": ">=2.7"
      },
      "peerDependenciesMeta": {
        "@swc/core": {
          "optional": true
        },
        "@swc/wasm": {
          "optional": true
        }
      }
    },
    "node_modules/tweetnacl": {
      "version": "1.0.3",
      "license": "Unlicense"
    },
    "node_modules/typescript": {
      "version": "4.7.4",
      "resolved": "https://registry.npmjs.org/typescript/-/typescript-4.7.4.tgz",
      "integrity": "sha512-C0WQT0gezHuw6AdY1M2jxUO83Rjf0HP7Sk1DtXj6j1EwkQNZrHAg2XPWlq62oqEhYvONq5pkC2Y9oPljWToLmQ==",
      "dev": true,
      "bin": {
        "tsc": "bin/tsc",
        "tsserver": "bin/tsserver"
      },
      "engines": {
        "node": ">=4.2.0"
      }
    },
    "node_modules/utf-8-validate": {
      "version": "5.0.9",
      "hasInstallScript": true,
      "license": "MIT",
      "optional": true,
      "dependencies": {
        "node-gyp-build": "^4.3.0"
      },
      "engines": {
        "node": ">=6.14.2"
      }
    },
    "node_modules/uuid": {
      "version": "8.3.2",
      "license": "MIT",
      "bin": {
        "uuid": "dist/bin/uuid"
      }
    },
    "node_modules/v8-compile-cache-lib": {
      "version": "3.0.1",
      "resolved": "https://registry.npmjs.org/v8-compile-cache-lib/-/v8-compile-cache-lib-3.0.1.tgz",
      "integrity": "sha512-wa7YjyUGfNZngI/vtK0UHAN+lgDCxBPCylVXGp0zu59Fz5aiGtNXaq3DhIov063MorB+VfufLh3JlF2KdTK3xg==",
      "dev": true
    },
    "node_modules/webidl-conversions": {
      "version": "3.0.1",
      "license": "BSD-2-Clause"
    },
    "node_modules/whatwg-url": {
      "version": "5.0.0",
      "license": "MIT",
      "dependencies": {
        "tr46": "~0.0.3",
        "webidl-conversions": "^3.0.0"
      }
    },
    "node_modules/whatwg-url-without-unicode": {
      "version": "8.0.0-3",
      "license": "MIT",
      "dependencies": {
        "buffer": "^5.4.3",
        "punycode": "^2.1.1",
        "webidl-conversions": "^5.0.0"
      },
      "engines": {
        "node": ">=10"
      }
    },
    "node_modules/whatwg-url-without-unicode/node_modules/buffer": {
      "version": "5.7.1",
      "funding": [
        {
          "type": "github",
          "url": "https://github.com/sponsors/feross"
        },
        {
          "type": "patreon",
          "url": "https://www.patreon.com/feross"
        },
        {
          "type": "consulting",
          "url": "https://feross.org/support"
        }
      ],
      "license": "MIT",
      "dependencies": {
        "base64-js": "^1.3.1",
        "ieee754": "^1.1.13"
      }
    },
    "node_modules/whatwg-url-without-unicode/node_modules/webidl-conversions": {
      "version": "5.0.0",
      "license": "BSD-2-Clause",
      "engines": {
        "node": ">=8"
      }
    },
    "node_modules/ws": {
      "version": "7.5.9",
      "license": "MIT",
      "engines": {
        "node": ">=8.3.0"
      },
      "peerDependencies": {
        "bufferutil": "^4.0.1",
        "utf-8-validate": "^5.0.2"
      },
      "peerDependenciesMeta": {
        "bufferutil": {
          "optional": true
        },
        "utf-8-validate": {
          "optional": true
        }
      }
    },
    "node_modules/yn": {
      "version": "3.1.1",
      "resolved": "https://registry.npmjs.org/yn/-/yn-3.1.1.tgz",
      "integrity": "sha512-Ux4ygGWsu2c7isFWe8Yu1YluJmqVhxqK2cLXNQA5AcC3QfbGNpM7fu0Y8b/z16pXLnFxZYvWhd3fhBY9DLmC6Q==",
      "dev": true,
      "engines": {
        "node": ">=6"
      }
    }
  },
  "dependencies": {
    "@babel/runtime": {
      "version": "7.18.9",
      "requires": {
        "regenerator-runtime": "^0.13.4"
      }
    },
    "@cspotcode/source-map-support": {
      "version": "0.8.1",
      "resolved": "https://registry.npmjs.org/@cspotcode/source-map-support/-/source-map-support-0.8.1.tgz",
      "integrity": "sha512-IchNf6dN4tHoMFIn/7OE8LWZ19Y6q/67Bmf6vnGREv8RSbBVb9LPJxEcnwrcwX6ixSvaiGoomAUvu4YSxXrVgw==",
      "dev": true,
      "requires": {
        "@jridgewell/trace-mapping": "0.3.9"
      }
    },
    "@ethersproject/bytes": {
      "version": "5.6.1",
      "requires": {
        "@ethersproject/logger": "^5.6.0"
      }
    },
    "@ethersproject/logger": {
      "version": "5.6.0"
    },
    "@ethersproject/sha2": {
      "version": "5.6.1",
      "requires": {
        "@ethersproject/bytes": "^5.6.1",
        "@ethersproject/logger": "^5.6.0",
        "hash.js": "1.1.7"
      }
    },
    "@jridgewell/resolve-uri": {
      "version": "3.1.0",
      "resolved": "https://registry.npmjs.org/@jridgewell/resolve-uri/-/resolve-uri-3.1.0.tgz",
      "integrity": "sha512-F2msla3tad+Mfht5cJq7LSXcdudKTWCVYUgw6pLFOOHSTtZlj6SWNYAp+AhuqLmWdBO2X5hPrLcu8cVP8fy28w==",
      "dev": true
    },
    "@jridgewell/sourcemap-codec": {
      "version": "1.4.14",
      "resolved": "https://registry.npmjs.org/@jridgewell/sourcemap-codec/-/sourcemap-codec-1.4.14.tgz",
      "integrity": "sha512-XPSJHWmi394fuUuzDnGz1wiKqWfo1yXecHQMRf2l6hztTO+nPru658AyDngaBe7isIxEkRsPR3FZh+s7iVa4Uw==",
      "dev": true
    },
    "@jridgewell/trace-mapping": {
      "version": "0.3.9",
      "resolved": "https://registry.npmjs.org/@jridgewell/trace-mapping/-/trace-mapping-0.3.9.tgz",
      "integrity": "sha512-3Belt6tdc8bPgAtbcmdtNJlirVoTmEb5e2gC94PnkwEW9jI6CAHUeoG85tjWP5WquqfavoMtMwiG4P926ZKKuQ==",
      "dev": true,
      "requires": {
        "@jridgewell/resolve-uri": "^3.0.3",
        "@jridgewell/sourcemap-codec": "^1.4.10"
      }
    },
    "@solana/buffer-layout": {
      "version": "4.0.0",
      "requires": {
        "buffer": "~6.0.3"
      },
      "dependencies": {
        "buffer": {
          "version": "6.0.3",
          "requires": {
            "base64-js": "^1.3.1",
            "ieee754": "^1.2.1"
          }
        }
      }
    },
    "@solana/web3.js": {
      "version": "1.50.1",
      "resolved": "https://registry.npmjs.org/@solana/web3.js/-/web3.js-1.50.1.tgz",
      "integrity": "sha512-1l9N/nS8pJEA2YibNT8wa072718O0/A1eKWE0+pdWC5wDGQgBNxZSLuv7Cq5Dcn46WsZ5J5ZstK89q8J/ZZaQA==",
      "requires": {
        "@babel/runtime": "^7.12.5",
        "@ethersproject/sha2": "^5.5.0",
        "@solana/buffer-layout": "^4.0.0",
        "bigint-buffer": "^1.1.5",
        "bn.js": "^5.0.0",
        "borsh": "^0.7.0",
        "bs58": "^4.0.1",
        "buffer": "6.0.1",
        "fast-stable-stringify": "^1.0.0",
        "jayson": "^3.4.4",
        "js-sha3": "^0.8.0",
        "node-fetch": "2",
        "react-native-url-polyfill": "^1.3.0",
        "rpc-websockets": "^7.5.0",
        "secp256k1": "^4.0.2",
        "superstruct": "^0.14.2",
        "tweetnacl": "^1.0.0"
      }
    },
    "@tsconfig/node10": {
      "version": "1.0.9",
      "resolved": "https://registry.npmjs.org/@tsconfig/node10/-/node10-1.0.9.tgz",
      "integrity": "sha512-jNsYVVxU8v5g43Erja32laIDHXeoNvFEpX33OK4d6hljo3jDhCBDhx5dhCCTMWUojscpAagGiRkBKxpdl9fxqA==",
      "dev": true
    },
    "@tsconfig/node12": {
      "version": "1.0.11",
      "resolved": "https://registry.npmjs.org/@tsconfig/node12/-/node12-1.0.11.tgz",
      "integrity": "sha512-cqefuRsh12pWyGsIoBKJA9luFu3mRxCA+ORZvA4ktLSzIuCUtWVxGIuXigEwO5/ywWFMZ2QEGKWvkZG1zDMTag==",
      "dev": true
    },
    "@tsconfig/node14": {
      "version": "1.0.3",
      "resolved": "https://registry.npmjs.org/@tsconfig/node14/-/node14-1.0.3.tgz",
      "integrity": "sha512-ysT8mhdixWK6Hw3i1V2AeRqZ5WfXg1G43mqoYlM2nc6388Fq5jcXyr5mRsqViLx/GJYdoL0bfXD8nmF+Zn/Iow==",
      "dev": true
    },
    "@tsconfig/node16": {
      "version": "1.0.3",
      "resolved": "https://registry.npmjs.org/@tsconfig/node16/-/node16-1.0.3.tgz",
      "integrity": "sha512-yOlFc+7UtL/89t2ZhjPvvB/DeAr3r+Dq58IgzsFkOAvVC6NMJXmCGjbptdXdR9qsX7pKcTL+s87FtYREi2dEEQ==",
      "dev": true
    },
    "@tsconfig/recommended": {
      "version": "1.0.1",
      "resolved": "https://registry.npmjs.org/@tsconfig/recommended/-/recommended-1.0.1.tgz",
      "integrity": "sha512-2xN+iGTbPBEzGSnVp/Hd64vKJCJWxsi9gfs88x4PPMyEjHJoA3o5BY9r5OLPHIZU2pAQxkSAsJFqn6itClP8mQ==",
      "dev": true
    },
    "@types/connect": {
      "version": "3.4.35",
      "requires": {
        "@types/node": "*"
      }
    },
    "@types/express-serve-static-core": {
      "version": "4.17.29",
      "requires": {
        "@types/node": "*",
        "@types/qs": "*",
        "@types/range-parser": "*"
      }
    },
    "@types/lodash": {
      "version": "4.14.182"
    },
    "@types/mz": {
      "version": "2.7.4",
      "resolved": "https://registry.npmjs.org/@types/mz/-/mz-2.7.4.tgz",
      "integrity": "sha512-Zs0imXxyWT20j3Z2NwKpr0IO2LmLactBblNyLua5Az4UHuqOQ02V3jPTgyKwDkuc33/ahw+C3O1PIZdrhFMuQA==",
      "dev": true,
      "requires": {
        "@types/node": "*"
      }
    },
    "@types/node": {
      "version": "12.20.55"
    },
    "@types/qs": {
      "version": "6.9.7"
    },
    "@types/range-parser": {
      "version": "1.2.4"
    },
    "@types/ws": {
      "version": "7.4.7",
      "requires": {
        "@types/node": "*"
      }
    },
    "acorn": {
      "version": "8.8.0",
      "resolved": "https://registry.npmjs.org/acorn/-/acorn-8.8.0.tgz",
      "integrity": "sha512-QOxyigPVrpZ2GXT+PFyZTl6TtOFc5egxHIP9IlQ+RbupQuX4RkT/Bee4/kQuC02Xkzg84JcT7oLYtDIQxp+v7w==",
      "dev": true
    },
    "acorn-walk": {
      "version": "8.2.0",
      "resolved": "https://registry.npmjs.org/acorn-walk/-/acorn-walk-8.2.0.tgz",
      "integrity": "sha512-k+iyHEuPgSw6SbuDpGQM+06HQUa04DZ3o+F6CSzXMvvI5KMvnaEqXe+YVe555R9nn6GPt404fos4wcgpw12SDA==",
      "dev": true
    },
    "any-promise": {
      "version": "1.3.0",
      "resolved": "https://registry.npmjs.org/any-promise/-/any-promise-1.3.0.tgz",
      "integrity": "sha512-7UvmKalWRt1wgjL1RrGxoSJW/0QZFIegpeGvZG9kjp8vrRu55XTHbwnqq2GpXm9uLbcuhxm3IqX9OB4MZR1b2A=="
    },
    "arg": {
      "version": "4.1.3",
      "resolved": "https://registry.npmjs.org/arg/-/arg-4.1.3.tgz",
      "integrity": "sha512-58S9QDqG0Xx27YwPSt9fJxivjYl432YCwfDMfZ+71RAqUrZef7LrKQZ3LHLOwCS4FLNBplP533Zx895SeOCHvA==",
      "dev": true
    },
    "base-x": {
      "version": "3.0.9",
      "requires": {
        "safe-buffer": "^5.0.1"
      }
    },
    "base64-js": {
      "version": "1.5.1"
    },
    "bigint-buffer": {
      "version": "1.1.5",
      "requires": {
        "bindings": "^1.3.0"
      }
    },
    "bindings": {
      "version": "1.5.0",
      "requires": {
        "file-uri-to-path": "1.0.0"
      }
    },
    "bn.js": {
      "version": "5.2.1"
    },
    "borsh": {
      "version": "0.7.0",
      "requires": {
        "bn.js": "^5.2.0",
        "bs58": "^4.0.0",
        "text-encoding-utf-8": "^1.0.2"
      }
    },
    "brorand": {
      "version": "1.1.0"
    },
    "bs58": {
      "version": "4.0.1",
      "requires": {
        "base-x": "^3.0.2"
      }
    },
    "buffer": {
      "version": "6.0.1",
      "requires": {
        "base64-js": "^1.3.1",
        "ieee754": "^1.2.1"
      }
    },
    "bufferutil": {
      "version": "4.0.6",
      "optional": true,
      "requires": {
        "node-gyp-build": "^4.3.0"
      }
    },
    "commander": {
      "version": "2.20.3"
    },
    "create-require": {
      "version": "1.1.1",
      "resolved": "https://registry.npmjs.org/create-require/-/create-require-1.1.1.tgz",
      "integrity": "sha512-dcKFX3jn0MpIaXjisoRvexIJVEKzaq7z2rZKxf+MSr9TkdmHmsU4m2lcLojrj/FHl8mk5VxMmYA+ftRkP/3oKQ==",
      "dev": true
    },
    "delay": {
      "version": "5.0.0"
    },
    "diff": {
      "version": "4.0.2",
      "resolved": "https://registry.npmjs.org/diff/-/diff-4.0.2.tgz",
      "integrity": "sha512-58lmxKSA4BNyLz+HHMUzlOEpg09FV+ev6ZMe3vJihgdxzgcwZ8VoEEPmALCZG9LmqfVoNMMKpttIYTVG6uDY7A==",
      "dev": true
    },
    "elliptic": {
      "version": "6.5.4",
      "requires": {
        "bn.js": "^4.11.9",
        "brorand": "^1.1.0",
        "hash.js": "^1.0.0",
        "hmac-drbg": "^1.0.1",
        "inherits": "^2.0.4",
        "minimalistic-assert": "^1.0.1",
        "minimalistic-crypto-utils": "^1.0.1"
      },
      "dependencies": {
        "bn.js": {
          "version": "4.12.0"
        }
      }
    },
    "es6-promise": {
      "version": "4.2.8"
    },
    "es6-promisify": {
      "version": "5.0.0",
      "requires": {
        "es6-promise": "^4.0.3"
      }
    },
    "eventemitter3": {
      "version": "4.0.7"
    },
    "eyes": {
      "version": "0.1.8"
    },
    "fast-stable-stringify": {
      "version": "1.0.0"
    },
    "file-uri-to-path": {
      "version": "1.0.0"
    },
    "hash.js": {
      "version": "1.1.7",
      "requires": {
        "inherits": "^2.0.3",
        "minimalistic-assert": "^1.0.1"
      }
    },
    "hmac-drbg": {
      "version": "1.0.1",
      "requires": {
        "hash.js": "^1.0.3",
        "minimalistic-assert": "^1.0.0",
        "minimalistic-crypto-utils": "^1.0.1"
      }
    },
    "ieee754": {
      "version": "1.2.1"
    },
    "inherits": {
      "version": "2.0.4"
    },
    "isomorphic-ws": {
      "version": "4.0.1",
      "requires": {}
    },
    "jayson": {
      "version": "3.6.6",
      "requires": {
        "@types/connect": "^3.4.33",
        "@types/express-serve-static-core": "^4.17.9",
        "@types/lodash": "^4.14.159",
        "@types/node": "^12.12.54",
        "@types/ws": "^7.4.4",
        "commander": "^2.20.3",
        "delay": "^5.0.0",
        "es6-promisify": "^5.0.0",
        "eyes": "^0.1.8",
        "isomorphic-ws": "^4.0.1",
        "json-stringify-safe": "^5.0.1",
        "JSONStream": "^1.3.5",
        "lodash": "^4.17.20",
        "uuid": "^8.3.2",
        "ws": "^7.4.5"
      }
    },
    "js-sha3": {
      "version": "0.8.0"
    },
    "json-stringify-safe": {
      "version": "5.0.1"
    },
    "jsonparse": {
      "version": "1.3.1"
    },
    "JSONStream": {
      "version": "1.3.5",
      "requires": {
        "jsonparse": "^1.2.0",
        "through": ">=2.2.7 <3"
      }
    },
    "lodash": {
      "version": "4.17.21"
    },
    "make-error": {
      "version": "1.3.6",
      "resolved": "https://registry.npmjs.org/make-error/-/make-error-1.3.6.tgz",
      "integrity": "sha512-s8UhlNe7vPKomQhC1qFelMokr/Sc3AgNbso3n74mVPA5LTZwkB9NlXf4XPamLxJE8h0gh73rM94xvwRT2CVInw==",
      "dev": true
    },
    "minimalistic-assert": {
      "version": "1.0.1"
    },
    "minimalistic-crypto-utils": {
      "version": "1.0.1"
    },
    "mz": {
      "version": "2.7.0",
      "resolved": "https://registry.npmjs.org/mz/-/mz-2.7.0.tgz",
      "integrity": "sha512-z81GNO7nnYMEhrGh9LeymoE4+Yr0Wn5McHIZMK5cfQCl+NDX08sCZgUc9/6MHni9IWuFLm1Z3HTCXu2z9fN62Q==",
      "requires": {
        "any-promise": "^1.0.0",
        "object-assign": "^4.0.1",
        "thenify-all": "^1.0.0"
      }
    },
    "node-addon-api": {
      "version": "2.0.2"
    },
    "node-fetch": {
      "version": "2.6.7",
      "requires": {
        "whatwg-url": "^5.0.0"
      }
    },
    "node-gyp-build": {
      "version": "4.5.0"
    },
    "object-assign": {
      "version": "4.1.1",
      "resolved": "https://registry.npmjs.org/object-assign/-/object-assign-4.1.1.tgz",
      "integrity": "sha512-rJgTQnkUnH1sFw8yT6VSU3zD3sWmu6sZhIseY8VX+GRu3P6F7Fu+JNDoXfklElbLJSnc3FUQHVe4cU5hj+BcUg=="
    },
    "punycode": {
      "version": "2.1.1"
    },
    "react-native": {
      "peer": true
    },
    "react-native-url-polyfill": {
      "version": "1.3.0",
      "requires": {
        "whatwg-url-without-unicode": "8.0.0-3"
      }
    },
    "regenerator-runtime": {
      "version": "0.13.9"
    },
    "rpc-websockets": {
      "version": "7.5.0",
      "requires": {
        "@babel/runtime": "^7.17.2",
        "bufferutil": "^4.0.1",
        "eventemitter3": "^4.0.7",
        "utf-8-validate": "^5.0.2",
        "uuid": "^8.3.2",
        "ws": "^8.5.0"
      },
      "dependencies": {
        "ws": {
          "version": "8.8.1",
          "requires": {}
        }
      }
    },
    "safe-buffer": {
      "version": "5.2.1"
    },
    "secp256k1": {
      "version": "4.0.3",
      "requires": {
        "elliptic": "^6.5.4",
        "node-addon-api": "^2.0.0",
        "node-gyp-build": "^4.2.0"
      }
    },
    "superstruct": {
      "version": "0.14.2"
    },
    "text-encoding-utf-8": {
      "version": "1.0.2"
    },
    "thenify": {
      "version": "3.3.1",
      "resolved": "https://registry.npmjs.org/thenify/-/thenify-3.3.1.tgz",
      "integrity": "sha512-RVZSIV5IG10Hk3enotrhvz0T9em6cyHBLkH/YAZuKqd8hRkKhSfCGIcP2KUY0EPxndzANBmNllzWPwak+bheSw==",
      "requires": {
        "any-promise": "^1.0.0"
      }
    },
    "thenify-all": {
      "version": "1.6.0",
      "resolved": "https://registry.npmjs.org/thenify-all/-/thenify-all-1.6.0.tgz",
      "integrity": "sha512-RNxQH/qI8/t3thXJDwcstUO4zeqo64+Uy/+sNVRBx4Xn2OX+OZ9oP+iJnNFqplFra2ZUVeKCSa2oVWi3T4uVmA==",
      "requires": {
        "thenify": ">= 3.1.0 < 4"
      }
    },
    "through": {
      "version": "2.3.8"
    },
    "tr46": {
      "version": "0.0.3"
    },
    "ts-node": {
      "version": "10.9.1",
      "resolved": "https://registry.npmjs.org/ts-node/-/ts-node-10.9.1.tgz",
      "integrity": "sha512-NtVysVPkxxrwFGUUxGYhfux8k78pQB3JqYBXlLRZgdGUqTO5wU/UyHop5p70iEbGhB7q5KmiZiU0Y3KlJrScEw==",
      "dev": true,
      "requires": {
        "@cspotcode/source-map-support": "^0.8.0",
        "@tsconfig/node10": "^1.0.7",
        "@tsconfig/node12": "^1.0.7",
        "@tsconfig/node14": "^1.0.0",
        "@tsconfig/node16": "^1.0.2",
        "acorn": "^8.4.1",
        "acorn-walk": "^8.1.1",
        "arg": "^4.1.0",
        "create-require": "^1.1.0",
        "diff": "^4.0.1",
        "make-error": "^1.1.1",
        "v8-compile-cache-lib": "^3.0.1",
        "yn": "3.1.1"
      }
    },
    "tweetnacl": {
      "version": "1.0.3"
    },
    "typescript": {
      "version": "4.7.4",
      "resolved": "https://registry.npmjs.org/typescript/-/typescript-4.7.4.tgz",
      "integrity": "sha512-C0WQT0gezHuw6AdY1M2jxUO83Rjf0HP7Sk1DtXj6j1EwkQNZrHAg2XPWlq62oqEhYvONq5pkC2Y9oPljWToLmQ==",
      "dev": true
    },
    "utf-8-validate": {
      "version": "5.0.9",
      "optional": true,
      "requires": {
        "node-gyp-build": "^4.3.0"
      }
    },
    "uuid": {
      "version": "8.3.2"
    },
    "v8-compile-cache-lib": {
      "version": "3.0.1",
      "resolved": "https://registry.npmjs.org/v8-compile-cache-lib/-/v8-compile-cache-lib-3.0.1.tgz",
      "integrity": "sha512-wa7YjyUGfNZngI/vtK0UHAN+lgDCxBPCylVXGp0zu59Fz5aiGtNXaq3DhIov063MorB+VfufLh3JlF2KdTK3xg==",
      "dev": true
    },
    "webidl-conversions": {
      "version": "3.0.1"
    },
    "whatwg-url": {
      "version": "5.0.0",
      "requires": {
        "tr46": "~0.0.3",
        "webidl-conversions": "^3.0.0"
      }
    },
    "whatwg-url-without-unicode": {
      "version": "8.0.0-3",
      "requires": {
        "buffer": "^5.4.3",
        "punycode": "^2.1.1",
        "webidl-conversions": "^5.0.0"
      },
      "dependencies": {
        "buffer": {
          "version": "5.7.1",
          "requires": {
            "base64-js": "^1.3.1",
            "ieee754": "^1.1.13"
          }
        },
        "webidl-conversions": {
          "version": "5.0.0"
        }
      }
    },
    "ws": {
      "version": "7.5.9",
      "requires": {}
    },
    "yn": {
      "version": "3.1.1",
      "resolved": "https://registry.npmjs.org/yn/-/yn-3.1.1.tgz",
      "integrity": "sha512-Ux4ygGWsu2c7isFWe8Yu1YluJmqVhxqK2cLXNQA5AcC3QfbGNpM7fu0Y8b/z16pXLnFxZYvWhd3fhBY9DLmC6Q==",
      "dev": true
    }
  }
}
